
Microsoft Visual Studio Solution File, Format Version 12.00
# Visual Studio 14
VisualStudioVersion = 14.0.23107.0
MinimumVisualStudioVersion = 10.0.40219.1
Project("{FAE04EC0-301F-11D3-BF4B-00C04F79EFBC}") = "HyperQueryEF.Core", "Projects\HyperQueryEF.Core\HyperQueryEF.Core.csproj", "{D231810B-C221-4644-BB13-366B837B56CC}"
EndProject
Global
	GlobalSection(SolutionConfigurationPlatforms) = preSolution
		Debug|Any CPU = Debug|Any CPU
		Release|Any CPU = Release|Any CPU
	EndGlobalSection
	GlobalSection(ProjectConfigurationPlatforms) = postSolution
		{D231810B-C221-4644-BB13-366B837B56CC}.Debug|Any CPU.ActiveCfg = Debug|Any CPU
		{D231810B-C221-4644-BB13-366B837B56CC}.Debug|Any CPU.Build.0 = Debug|Any CPU
		{D231810B-C221-4644-BB13-366B837B56CC}.Release|Any CPU.ActiveCfg = Release|Any CPU
		{D231810B-C221-4644-BB13-366B837B56CC}.Release|Any CPU.Build.0 = Release|Any CPU
	EndGlobalSection
	GlobalSection(SolutionProperties) = preSolution
		HideSolutionNode = FALSE
	EndGlobalSection
EndGlobal
